
Microsoft Visual Studio Solution File, Format Version 12.00
# Visual Studio 15
VisualStudioVersion = 15.0.28307.168
MinimumVisualStudioVersion = 10.0.40219.1
Project("{FAE04EC0-301F-11D3-BF4B-00C04F79EFBC}") = "RyaGenerator", "RyaGenerator\RyaGenerator.csproj", "{DF8C046C-6171-40F4-9DCD-1A943E5B5DB3}"
EndProject
Global
	GlobalSection(SolutionConfigurationPlatforms) = preSolution
		Debug|Any CPU = Debug|Any CPU
		Release|Any CPU = Release|Any CPU
	EndGlobalSection
	GlobalSection(ProjectConfigurationPlatforms) = postSolution
		{DF8C046C-6171-40F4-9DCD-1A943E5B5DB3}.Debug|Any CPU.ActiveCfg = Debug|Any CPU
		{DF8C046C-6171-40F4-9DCD-1A943E5B5DB3}.Debug|Any CPU.Build.0 = Debug|Any CPU
		{DF8C046C-6171-40F4-9DCD-1A943E5B5DB3}.Release|Any CPU.ActiveCfg = Release|Any CPU
		{DF8C046C-6171-40F4-9DCD-1A943E5B5DB3}.Release|Any CPU.Build.0 = Release|Any CPU
	EndGlobalSection
	GlobalSection(SolutionProperties) = preSolution
		HideSolutionNode = FALSE
	EndGlobalSection
	GlobalSection(ExtensibilityGlobals) = postSolution
		SolutionGuid = {E47F315A-07B1-4E75-837C-A35A820D19D1}
	EndGlobalSection
EndGlobal
